
Microsoft Visual Studio Solution File, Format Version 12.00
# Visual Studio Version 16
VisualStudioVersion = 16.0.30011.22
MinimumVisualStudioVersion = 10.0.40219.1
Project("{FAE04EC0-301F-11D3-BF4B-00C04F79EFBC}") = "Lab1_TTriangle", "Lab1_TTriangle.csproj", "{6099CFE8-B1B2-4B7C-A3BA-24996523967B}"
EndProject
Global
	GlobalSection(SolutionConfigurationPlatforms) = preSolution
		Debug|Any CPU = Debug|Any CPU
		Release|Any CPU = Release|Any CPU
	EndGlobalSection
	GlobalSection(ProjectConfigurationPlatforms) = postSolution
		{6099CFE8-B1B2-4B7C-A3BA-24996523967B}.Debug|Any CPU.ActiveCfg = Debug|Any CPU
		{6099CFE8-B1B2-4B7C-A3BA-24996523967B}.Debug|Any CPU.Build.0 = Debug|Any CPU
		{6099CFE8-B1B2-4B7C-A3BA-24996523967B}.Release|Any CPU.ActiveCfg = Release|Any CPU
		{6099CFE8-B1B2-4B7C-A3BA-24996523967B}.Release|Any CPU.Build.0 = Release|Any CPU
	EndGlobalSection
	GlobalSection(SolutionProperties) = preSolution
		HideSolutionNode = FALSE
	EndGlobalSection
	GlobalSection(ExtensibilityGlobals) = postSolution
		SolutionGuid = {67EEEB46-FC53-4641-8479-890062074FE4}
	EndGlobalSection
EndGlobal
